// !$*UTF8*$!
{
	archiveVersion = 1;
	classes = {
	};
	objectVersion = 56;
	objects = {

/* Begin PBXBuildFile section */
		033733162B76D8A2004B36FD /* Student.swift in Sources */ = {isa = PBXBuildFile; fileRef = 033733152B76D8A2004B36FD /* Student.swift */; };
		033733182B76D981004B36FD /* LetterGrade.swift in Sources */ = {isa = PBXBuildFile; fileRef = 033733172B76D981004B36FD /* LetterGrade.swift */; };
		0337331A2B76D987004B36FD /* TestDataExtensions.swift in Sources */ = {isa = PBXBuildFile; fileRef = 033733192B76D987004B36FD /* TestDataExtensions.swift */; };
		0337331C2B76DB5D004B36FD /* AssignmentScore.swift in Sources */ = {isa = PBXBuildFile; fileRef = 0337331B2B76DB5D004B36FD /* AssignmentScore.swift */; };
		0337331E2B76DD09004B36FD /* Assignment.swift in Sources */ = {isa = PBXBuildFile; fileRef = 0337331D2B76DD09004B36FD /* Assignment.swift */; };
		033733202B76DE51004B36FD /* AssignmentGroup.swift in Sources */ = {isa = PBXBuildFile; fileRef = 0337331F2B76DE51004B36FD /* AssignmentGroup.swift */; };
		033733222B76DF41004B36FD /* CourseResults.swift in Sources */ = {isa = PBXBuildFile; fileRef = 033733212B76DF41004B36FD /* CourseResults.swift */; };
		033733242B76E15C004B36FD /* GradesViewModel.swift in Sources */ = {isa = PBXBuildFile; fileRef = 033733232B76E15C004B36FD /* GradesViewModel.swift */; };
		033733282B76E1E6004B36FD /* StudentTableView.swift in Sources */ = {isa = PBXBuildFile; fileRef = 033733272B76E1E6004B36FD /* StudentTableView.swift */; };
		03A1AA2B2B743FBA00881C59 /* App2_GradesApp.swift in Sources */ = {isa = PBXBuildFile; fileRef = 03A1AA2A2B743FBA00881C59 /* App2_GradesApp.swift */; };
		03A1AA2D2B743FBA00881C59 /* ContentView.swift in Sources */ = {isa = PBXBuildFile; fileRef = 03A1AA2C2B743FBA00881C59 /* ContentView.swift */; };
		03A1AA2F2B743FBB00881C59 /* Assets.xcassets in Resources */ = {isa = PBXBuildFile; fileRef = 03A1AA2E2B743FBB00881C59 /* Assets.xcassets */; };
		03A1AA322B743FBB00881C59 /* Preview Assets.xcassets in Resources */ = {isa = PBXBuildFile; fileRef = 03A1AA312B743FBB00881C59 /* Preview Assets.xcassets */; };
		03B10D7C2B7AD22C0069A25E /* NotificationName_Extensions.swift in Sources */ = {isa = PBXBuildFile; fileRef = 03B10D7B2B7AD22C0069A25E /* NotificationName_Extensions.swift */; };
		03B10D7E2B7AD7620069A25E /* StudentsListView.swift in Sources */ = {isa = PBXBuildFile; fileRef = 03B10D7D2B7AD7620069A25E /* StudentsListView.swift */; };
/* End PBXBuildFile section */

/* Begin PBXFileReference section */
		033733152B76D8A2004B36FD /* Student.swift */ = {isa = PBXFileReference; lastKnownFileType = sourcecode.swift; path = Student.swift; sourceTree = "<group>"; };
		033733172B76D981004B36FD /* LetterGrade.swift */ = {isa = PBXFileReference; fileEncoding = 4; lastKnownFileType = sourcecode.swift; path = LetterGrade.swift; sourceTree = "<group>"; };
		033733192B76D987004B36FD /* TestDataExtensions.swift */ = {isa = PBXFileReference; fileEncoding = 4; lastKnownFileType = sourcecode.swift; path = TestDataExtensions.swift; sourceTree = "<group>"; };
		0337331B2B76DB5D004B36FD /* AssignmentScore.swift */ = {isa = PBXFileReference; lastKnownFileType = sourcecode.swift; path = AssignmentScore.swift; sourceTree = "<group>"; };
		0337331D2B76DD09004B36FD /* Assignment.swift */ = {isa = PBXFileReference; lastKnownFileType = sourcecode.swift; path = Assignment.swift; sourceTree = "<group>"; };
		0337331F2B76DE51004B36FD /* AssignmentGroup.swift */ = {isa = PBXFileReference; lastKnownFileType = sourcecode.swift; path = AssignmentGroup.swift; sourceTree = "<group>"; };
		033733212B76DF41004B36FD /* CourseResults.swift */ = {isa = PBXFileReference; lastKnownFileType = sourcecode.swift; path = CourseResults.swift; sourceTree = "<group>"; };
		033733232B76E15C004B36FD /* GradesViewModel.swift */ = {isa = PBXFileReference; lastKnownFileType = sourcecode.swift; path = GradesViewModel.swift; sourceTree = "<group>"; };
		033733272B76E1E6004B36FD /* StudentTableView.swift */ = {isa = PBXFileReference; lastKnownFileType = sourcecode.swift; path = StudentTableView.swift; sourceTree = "<group>"; };
		03A1AA272B743FBA00881C59 /* App2_Grades.app */ = {isa = PBXFileReference; explicitFileType = wrapper.application; includeInIndex = 0; path = App2_Grades.app; sourceTree = BUILT_PRODUCTS_DIR; };
		03A1AA2A2B743FBA00881C59 /* App2_GradesApp.swift */ = {isa = PBXFileReference; lastKnownFileType = sourcecode.swift; path = App2_GradesApp.swift; sourceTree = "<group>"; };
		03A1AA2C2B743FBA00881C59 /* ContentView.swift */ = {isa = PBXFileReference; lastKnownFileType = sourcecode.swift; path = ContentView.swift; sourceTree = "<group>"; };
		03A1AA2E2B743FBB00881C59 /* Assets.xcassets */ = {isa = PBXFileReference; lastKnownFileType = folder.assetcatalog; path = Assets.xcassets; sourceTree = "<group>"; };
		03A1AA312B743FBB00881C59 /* Preview Assets.xcassets */ = {isa = PBXFileReference; lastKnownFileType = folder.assetcatalog; path = "Preview Assets.xcassets"; sourceTree = "<group>"; };
		03A1AA332B743FBB00881C59 /* App2_Grades.entitlements */ = {isa = PBXFileReference; lastKnownFileType = text.plist.entitlements; path = App2_Grades.entitlements; sourceTree = "<group>"; };
		03B10D7B2B7AD22C0069A25E /* NotificationName_Extensions.swift */ = {isa = PBXFileReference; lastKnownFileType = sourcecode.swift; path = NotificationName_Extensions.swift; sourceTree = "<group>"; };
		03B10D7D2B7AD7620069A25E /* StudentsListView.swift */ = {isa = PBXFileReference; lastKnownFileType = sourcecode.swift; path = StudentsListView.swift; sourceTree = "<group>"; };
/* End PBXFileReference section */

/* Begin PBXFrameworksBuildPhase section */
		03A1AA242B743FBA00881C59 /* Frameworks */ = {
			isa = PBXFrameworksBuildPhase;
			buildActionMask = 2147483647;
			files = (
			);
			runOnlyForDeploymentPostprocessing = 0;
		};
/* End PBXFrameworksBuildPhase section */

/* Begin PBXGroup section */
		03A1AA1E2B743FBA00881C59 = {
			isa = PBXGroup;
			children = (
				03A1AA292B743FBA00881C59 /* App2_Grades */,
				03A1AA282B743FBA00881C59 /* Products */,
			);
			sourceTree = "<group>";
		};
		03A1AA282B743FBA00881C59 /* Products */ = {
			isa = PBXGroup;
			children = (
				03A1AA272B743FBA00881C59 /* App2_Grades.app */,
			);
			name = Products;
			sourceTree = "<group>";
		};
		03A1AA292B743FBA00881C59 /* App2_Grades */ = {
			isa = PBXGroup;
			children = (
				03A1AA3B2B7441C500881C59 /* Data Models */,
				03A1AA3A2B7441BB00881C59 /* View Models */,
				03A1AA392B7441B600881C59 /* Views */,
				03A1AA2A2B743FBA00881C59 /* App2_GradesApp.swift */,
				03A1AA2C2B743FBA00881C59 /* ContentView.swift */,
				03A1AA2E2B743FBB00881C59 /* Assets.xcassets */,
				03A1AA332B743FBB00881C59 /* App2_Grades.entitlements */,
				03A1AA302B743FBB00881C59 /* Preview Content */,
			);
			path = App2_Grades;
			sourceTree = "<group>";
		};
		03A1AA302B743FBB00881C59 /* Preview Content */ = {
			isa = PBXGroup;
			children = (
				03A1AA312B743FBB00881C59 /* Preview Assets.xcassets */,
			);
			path = "Preview Content";
			sourceTree = "<group>";
		};
		03A1AA392B7441B600881C59 /* Views */ = {
			isa = PBXGroup;
			children = (
				033733272B76E1E6004B36FD /* StudentTableView.swift */,
				03B10D7D2B7AD7620069A25E /* StudentsListView.swift */,
			);
			path = Views;
			sourceTree = "<group>";
		};
		03A1AA3A2B7441BB00881C59 /* View Models */ = {
			isa = PBXGroup;
			children = (
				033733232B76E15C004B36FD /* GradesViewModel.swift */,
			);
			path = "View Models";
			sourceTree = "<group>";
		};
		03A1AA3B2B7441C500881C59 /* Data Models */ = {
			isa = PBXGroup;
			children = (
				03B10D7A2B7AD2180069A25E /* Extensions */,
				033733172B76D981004B36FD /* LetterGrade.swift */,
				033733152B76D8A2004B36FD /* Student.swift */,
				0337331B2B76DB5D004B36FD /* AssignmentScore.swift */,
				0337331D2B76DD09004B36FD /* Assignment.swift */,
				0337331F2B76DE51004B36FD /* AssignmentGroup.swift */,
				033733212B76DF41004B36FD /* CourseResults.swift */,
			);
			path = "Data Models";
			sourceTree = "<group>";
		};
		03B10D7A2B7AD2180069A25E /* Extensions */ = {
			isa = PBXGroup;
			children = (
				033733192B76D987004B36FD /* TestDataExtensions.swift */,
				03B10D7B2B7AD22C0069A25E /* NotificationName_Extensions.swift */,
			);
			path = Extensions;
			sourceTree = "<group>";
		};
/* End PBXGroup section */

/* Begin PBXNativeTarget section */
		03A1AA262B743FBA00881C59 /* App2_Grades */ = {
			isa = PBXNativeTarget;
			buildConfigurationList = 03A1AA362B743FBB00881C59 /* Build configuration list for PBXNativeTarget "App2_Grades" */;
			buildPhases = (
				03A1AA232B743FBA00881C59 /* Sources */,
				03A1AA242B743FBA00881C59 /* Frameworks */,
				03A1AA252B743FBA00881C59 /* Resources */,
			);
			buildRules = (
			);
			dependencies = (
			);
			name = App2_Grades;
			productName = App2_Grades;
			productReference = 03A1AA272B743FBA00881C59 /* App2_Grades.app */;
			productType = "com.apple.product-type.application";
		};
/* End PBXNativeTarget section */

/* Begin PBXProject section */
		03A1AA1F2B743FBA00881C59 /* Project object */ = {
			isa = PBXProject;
			attributes = {
				BuildIndependentTargetsInParallel = 1;
				LastSwiftUpdateCheck = 1520;
				LastUpgradeCheck = 1520;
				TargetAttributes = {
					03A1AA262B743FBA00881C59 = {
						CreatedOnToolsVersion = 15.2;
					};
				};
			};
			buildConfigurationList = 03A1AA222B743FBA00881C59 /* Build configuration list for PBXProject "App2_Grades" */;
			compatibilityVersion = "Xcode 14.0";
			developmentRegion = en;
			hasScannedForEncodings = 0;
			knownRegions = (
				en,
				Base,
			);
			mainGroup = 03A1AA1E2B743FBA00881C59;
			productRefGroup = 03A1AA282B743FBA00881C59 /* Products */;
			projectDirPath = "";
			projectRoot = "";
			targets = (
				03A1AA262B743FBA00881C59 /* App2_Grades */,
			);
		};
/* End PBXProject section */

/* Begin PBXResourcesBuildPhase section */
		03A1AA252B743FBA00881C59 /* Resources */ = {
			isa = PBXResourcesBuildPhase;
			buildActionMask = 2147483647;
			files = (
				03A1AA322B743FBB00881C59 /* Preview Assets.xcassets in Resources */,
				03A1AA2F2B743FBB00881C59 /* Assets.xcassets in Resources */,
			);
			runOnlyForDeploymentPostprocessing = 0;
		};
/* End PBXResourcesBuildPhase section */

/* Begin PBXSourcesBuildPhase section */
		03A1AA232B743FBA00881C59 /* Sources */ = {
			isa = PBXSourcesBuildPhase;
			buildActionMask = 2147483647;
			files = (
				03A1AA2D2B743FBA00881C59 /* ContentView.swift in Sources */,
				03B10D7C2B7AD22C0069A25E /* NotificationName_Extensions.swift in Sources */,
				0337331E2B76DD09004B36FD /* Assignment.swift in Sources */,
				033733242B76E15C004B36FD /* GradesViewModel.swift in Sources */,
				033733282B76E1E6004B36FD /* StudentTableView.swift in Sources */,
				033733222B76DF41004B36FD /* CourseResults.swift in Sources */,
				03B10D7E2B7AD7620069A25E /* StudentsListView.swift in Sources */,
				033733162B76D8A2004B36FD /* Student.swift in Sources */,
				0337331A2B76D987004B36FD /* TestDataExtensions.swift in Sources */,
				0337331C2B76DB5D004B36FD /* AssignmentScore.swift in Sources */,
				03A1AA2B2B743FBA00881C59 /* App2_GradesApp.swift in Sources */,
				033733202B76DE51004B36FD /* AssignmentGroup.swift in Sources */,
				033733182B76D981004B36FD /* LetterGrade.swift in Sources */,
			);
			runOnlyForDeploymentPostprocessing = 0;
		};
/* End PBXSourcesBuildPhase section */

/* Begin XCBuildConfiguration section */
		03A1AA342B743FBB00881C59 /* Debug */ = {
			isa = XCBuildConfiguration;
			buildSettings = {
				ALWAYS_SEARCH_USER_PATHS = NO;
				ASSETCATALOG_COMPILER_GENERATE_SWIFT_ASSET_SYMBOL_EXTENSIONS = YES;
				CLANG_ANALYZER_NONNULL = YES;
				CLANG_ANALYZER_NUMBER_OBJECT_CONVERSION = YES_AGGRESSIVE;
				CLANG_CXX_LANGUAGE_STANDARD = "gnu++20";
				CLANG_ENABLE_MODULES = YES;
				CLANG_ENABLE_OBJC_ARC = YES;
				CLANG_ENABLE_OBJC_WEAK = YES;
				CLANG_WARN_BLOCK_CAPTURE_AUTORELEASING = YES;
				CLANG_WARN_BOOL_CONVERSION = YES;
				CLANG_WARN_COMMA = YES;
				CLANG_WARN_CONSTANT_CONVERSION = YES;
				CLANG_WARN_DEPRECATED_OBJC_IMPLEMENTATIONS = YES;
				CLANG_WARN_DIRECT_OBJC_ISA_USAGE = YES_ERROR;
				CLANG_WARN_DOCUMENTATION_COMMENTS = YES;
				CLANG_WARN_EMPTY_BODY = YES;
				CLANG_WARN_ENUM_CONVERSION = YES;
				CLANG_WARN_INFINITE_RECURSION = YES;
				CLANG_WARN_INT_CONVERSION = YES;
				CLANG_WARN_NON_LITERAL_NULL_CONVERSION = YES;
				CLANG_WARN_OBJC_IMPLICIT_RETAIN_SELF = YES;
				CLANG_WARN_OBJC_LITERAL_CONVERSION = YES;
				CLANG_WARN_OBJC_ROOT_CLASS = YES_ERROR;
				CLANG_WARN_QUOTED_INCLUDE_IN_FRAMEWORK_HEADER = YES;
				CLANG_WARN_RANGE_LOOP_ANALYSIS = YES;
				CLANG_WARN_STRICT_PROTOTYPES = YES;
				CLANG_WARN_SUSPICIOUS_MOVE = YES;
				CLANG_WARN_UNGUARDED_AVAILABILITY = YES_AGGRESSIVE;
				CLANG_WARN_UNREACHABLE_CODE = YES;
				CLANG_WARN__DUPLICATE_METHOD_MATCH = YES;
				COPY_PHASE_STRIP = NO;
				DEBUG_INFORMATION_FORMAT = dwarf;
				ENABLE_STRICT_OBJC_MSGSEND = YES;
				ENABLE_TESTABILITY = YES;
				ENABLE_USER_SCRIPT_SANDBOXING = YES;
				GCC_C_LANGUAGE_STANDARD = gnu17;
				GCC_DYNAMIC_NO_PIC = NO;
				GCC_NO_COMMON_BLOCKS = YES;
				GCC_OPTIMIZATION_LEVEL = 0;
				GCC_PREPROCESSOR_DEFINITIONS = (
					"DEBUG=1",
					"$(inherited)",
				);
				GCC_WARN_64_TO_32_BIT_CONVERSION = YES;
				GCC_WARN_ABOUT_RETURN_TYPE = YES_ERROR;
				GCC_WARN_UNDECLARED_SELECTOR = YES;
				GCC_WARN_UNINITIALIZED_AUTOS = YES_AGGRESSIVE;
				GCC_WARN_UNUSED_FUNCTION = YES;
				GCC_WARN_UNUSED_VARIABLE = YES;
				LOCALIZATION_PREFERS_STRING_CATALOGS = YES;
				MACOSX_DEPLOYMENT_TARGET = 14.2;
				MTL_ENABLE_DEBUG_INFO = INCLUDE_SOURCE;
				MTL_FAST_MATH = YES;
				ONLY_ACTIVE_ARCH = YES;
				SDKROOT = macosx;
				SWIFT_ACTIVE_COMPILATION_CONDITIONS = "DEBUG $(inherited)";
				SWIFT_OPTIMIZATION_LEVEL = "-Onone";
			};
			name = Debug;
		};
		03A1AA352B743FBB00881C59 /* Release */ = {
			isa = XCBuildConfiguration;
			buildSettings = {
				ALWAYS_SEARCH_USER_PATHS = NO;
				ASSETCATALOG_COMPILER_GENERATE_SWIFT_ASSET_SYMBOL_EXTENSIONS = YES;
				CLANG_ANALYZER_NONNULL = YES;
				CLANG_ANALYZER_NUMBER_OBJECT_CONVERSION = YES_AGGRESSIVE;
				CLANG_CXX_LANGUAGE_STANDARD = "gnu++20";
				CLANG_ENABLE_MODULES = YES;
				CLANG_ENABLE_OBJC_ARC = YES;
				CLANG_ENABLE_OBJC_WEAK = YES;
				CLANG_WARN_BLOCK_CAPTURE_AUTORELEASING = YES;
				CLANG_WARN_BOOL_CONVERSION = YES;
				CLANG_WARN_COMMA = YES;
				CLANG_WARN_CONSTANT_CONVERSION = YES;
				CLANG_WARN_DEPRECATED_OBJC_IMPLEMENTATIONS = YES;
				CLANG_WARN_DIRECT_OBJC_ISA_USAGE = YES_ERROR;
				CLANG_WARN_DOCUMENTATION_COMMENTS = YES;
				CLANG_WARN_EMPTY_BODY = YES;
				CLANG_WARN_ENUM_CONVERSION = YES;
				CLANG_WARN_INFINITE_RECURSION = YES;
				CLANG_WARN_INT_CONVERSION = YES;
				CLANG_WARN_NON_LITERAL_NULL_CONVERSION = YES;
				CLANG_WARN_OBJC_IMPLICIT_RETAIN_SELF = YES;
				CLANG_WARN_OBJC_LITERAL_CONVERSION = YES;
				CLANG_WARN_OBJC_ROOT_CLASS = YES_ERROR;
				CLANG_WARN_QUOTED_INCLUDE_IN_FRAMEWORK_HEADER = YES;
				CLANG_WARN_RANGE_LOOP_ANALYSIS = YES;
				CLANG_WARN_STRICT_PROTOTYPES = YES;
				CLANG_WARN_SUSPICIOUS_MOVE = YES;
				CLANG_WARN_UNGUARDED_AVAILABILITY = YES_AGGRESSIVE;
				CLANG_WARN_UNREACHABLE_CODE = YES;
				CLANG_WARN__DUPLICATE_METHOD_MATCH = YES;
				COPY_PHASE_STRIP = NO;
				DEBUG_INFORMATION_FORMAT = "dwarf-with-dsym";
				ENABLE_NS_ASSERTIONS = NO;
				ENABLE_STRICT_OBJC_MSGSEND = YES;
				ENABLE_USER_SCRIPT_SANDBOXING = YES;
				GCC_C_LANGUAGE_STANDARD = gnu17;
				GCC_NO_COMMON_BLOCKS = YES;
				GCC_WARN_64_TO_32_BIT_CONVERSION = YES;
				GCC_WARN_ABOUT_RETURN_TYPE = YES_ERROR;
				GCC_WARN_UNDECLARED_SELECTOR = YES;
				GCC_WARN_UNINITIALIZED_AUTOS = YES_AGGRESSIVE;
				GCC_WARN_UNUSED_FUNCTION = YES;
				GCC_WARN_UNUSED_VARIABLE = YES;
				LOCALIZATION_PREFERS_STRING_CATALOGS = YES;
				MACOSX_DEPLOYMENT_TARGET = 14.2;
				MTL_ENABLE_DEBUG_INFO = NO;
				MTL_FAST_MATH = YES;
				SDKROOT = macosx;
				SWIFT_COMPILATION_MODE = wholemodule;
			};
			name = Release;
		};
		03A1AA372B743FBB00881C59 /* Debug */ = {
			isa = XCBuildConfiguration;
			buildSettings = {
				ASSETCATALOG_COMPILER_APPICON_NAME = AppIcon;
				ASSETCATALOG_COMPILER_GLOBAL_ACCENT_COLOR_NAME = AccentColor;
				CODE_SIGN_ENTITLEMENTS = App2_Grades/App2_Grades.entitlements;
				CODE_SIGN_STYLE = Automatic;
				COMBINE_HIDPI_IMAGES = YES;
				CURRENT_PROJECT_VERSION = 1;
				DEVELOPMENT_ASSET_PATHS = "\"App2_Grades/Preview Content\"";
				DEVELOPMENT_TEAM = 39H844DLT7;
				ENABLE_HARDENED_RUNTIME = YES;
				ENABLE_PREVIEWS = YES;
				GENERATE_INFOPLIST_FILE = YES;
				INFOPLIST_KEY_NSHumanReadableCopyright = "";
				LD_RUNPATH_SEARCH_PATHS = (
					"$(inherited)",
					"@executable_path/../Frameworks",
				);
				MARKETING_VERSION = 1.0;
				PRODUCT_BUNDLE_IDENTIFIER = "mines.edu.App2-Grades";
				PRODUCT_NAME = "$(TARGET_NAME)";
				SWIFT_EMIT_LOC_STRINGS = YES;
				SWIFT_VERSION = 5.0;
			};
			name = Debug;
		};
		03A1AA382B743FBB00881C59 /* Release */ = {
			isa = XCBuildConfiguration;
			buildSettings = {
				ASSETCATALOG_COMPILER_APPICON_NAME = AppIcon;
				ASSETCATALOG_COMPILER_GLOBAL_ACCENT_COLOR_NAME = AccentColor;
				CODE_SIGN_ENTITLEMENTS = App2_Grades/App2_Grades.entitlements;
				CODE_SIGN_STYLE = Automatic;
				COMBINE_HIDPI_IMAGES = YES;
				CURRENT_PROJECT_VERSION = 1;
				DEVELOPMENT_ASSET_PATHS = "\"App2_Grades/Preview Content\"";
				DEVELOPMENT_TEAM = 39H844DLT7;
				ENABLE_HARDENED_RUNTIME = YES;
				ENABLE_PREVIEWS = YES;
				GENERATE_INFOPLIST_FILE = YES;
				INFOPLIST_KEY_NSHumanReadableCopyright = "";
				LD_RUNPATH_SEARCH_PATHS = (
					"$(inherited)",
					"@executable_path/../Frameworks",
				);
				MARKETING_VERSION = 1.0;
				PRODUCT_BUNDLE_IDENTIFIER = "mines.edu.App2-Grades";
				PRODUCT_NAME = "$(TARGET_NAME)";
				SWIFT_EMIT_LOC_STRINGS = YES;
				SWIFT_VERSION = 5.0;
			};
			name = Release;
		};
/* End XCBuildConfiguration section */

/* Begin XCConfigurationList section */
		03A1AA222B743FBA00881C59 /* Build configuration list for PBXProject "App2_Grades" */ = {
			isa = XCConfigurationList;
			buildConfigurations = (
				03A1AA342B743FBB00881C59 /* Debug */,
				03A1AA352B743FBB00881C59 /* Release */,
			);
			defaultConfigurationIsVisible = 0;
			defaultConfigurationName = Release;
		};
		03A1AA362B743FBB00881C59 /* Build configuration list for PBXNativeTarget "App2_Grades" */ = {
			isa = XCConfigurationList;
			buildConfigurations = (
				03A1AA372B743FBB00881C59 /* Debug */,
				03A1AA382B743FBB00881C59 /* Release */,
			);
			defaultConfigurationIsVisible = 0;
			defaultConfigurationName = Release;
		};
/* End XCConfigurationList section */
	};
	rootObject = 03A1AA1F2B743FBA00881C59 /* Project object */;
}
